{
  "name": "reverse-proxy-hello-world-example",
  "version": "1.0.0",
  "lockfileVersion": 3,
  "requires": true,
  "packages": {
    "": {
      "name": "reverse-proxy-hello-world-example",
      "version": "1.0.0",
      "dependencies": {
        "@javagt/reverse-proxy-client": "file:../../packages/reverse-proxy-client"
      },
      "engines": {
        "node": ">=22.5.0"
      }
    },
    "../../packages/reverse-proxy-client": {
      "name": "@javagt/reverse-proxy-client",
      "version": "0.2.0",
      "license": "ISC",
      "bin": {
        "reverse-proxy-mgmt": "bin/reverse-proxy-mgmt.mjs"
      },
      "engines": {
        "node": ">=22.5.0"
      }
    },
    "node_modules/@javagt/reverse-proxy-client": {
      "resolved": "../../packages/reverse-proxy-client",
      "link": true
    }
  }
}
